schema: '2.0'
stages:
  preprocess:
    cmd: python scripts/preprocess.py
    deps:
    - path: data/raw/weatherAUS.csv
      hash: md5
      md5: a65cf8b8719b1a65db4f361eeec18457
      size: 14094055
    - path: scripts/preprocess.py
      hash: md5
      md5: 7392d72ee0d8e5176c39b2034ed398da
      size: 1821
    outs:
    - path: data/processed/weather_cleaned.csv
      hash: md5
      md5: 548ab79c0963bcdb8355feeb258c2c37
      size: 13306483
  train:
    cmd: python scripts/train.py
    deps:
    - path: data/processed/weather_cleaned.csv
      hash: md5
      md5: 548ab79c0963bcdb8355feeb258c2c37
      size: 13306483
    - path: scripts/train.py
      hash: md5
      md5: ea18c2dc4c1761b2b0088e7fd6105cea
      size: 2047
    outs:
    - path: metrics.json
      hash: md5
      md5: e6b2b8404dfdfa5e2daa4d9036356152
      size: 32
    - path: models/model.pkl
      hash: md5
      md5: 09e595d6c16c7484a73e6e36e0d75b55
      size: 66687
