schema: '2.0'
stages:
  preprocess:
    cmd: py scripts/preprocess.py
    deps:
    - path: data/raw/weatherAUS.csv
      hash: md5
      md5: a65cf8b8719b1a65db4f361eeec18457
      size: 14094055
    - path: scripts/preprocess.py
      hash: md5
      md5: 7392d72ee0d8e5176c39b2034ed398da
      size: 1821
    outs:
    - path: data/processed/weather_cleaned.csv
      hash: md5
      md5: 548ab79c0963bcdb8355feeb258c2c37
      size: 13306483
  train:
    cmd: py scripts/train.py
    deps:
    - path: data/processed/weather_cleaned.csv
      hash: md5
      md5: 548ab79c0963bcdb8355feeb258c2c37
      size: 13306483
    - path: scripts/train.py
      hash: md5
      md5: 9a0b97f4ba8ffd17cc64aa1ae558975b
      size: 1384
    outs:
    - path: metrics.json
      hash: md5
      md5: 99ef5d682539618c13ca3f48aecb380e
      size: 32
    - path: models/model.pkl
      hash: md5
      md5: 2ee2caf0f4cbbf92550b4d1bc1a1f215
      size: 410040
